// !$*UTF8*$!
{
	archiveVersion = 1;
	classes = {
	};
	objectVersion = 46;
	objects = {

/* Begin PBXBuildFile section */
		9B69EC421BC05B9E000EF102 /* AppDelegate.swift in Sources */ = {isa = PBXBuildFile; fileRef = 9B69EC411BC05B9E000EF102 /* AppDelegate.swift */; };
		9B69EC441BC05B9E000EF102 /* ViewController.swift in Sources */ = {isa = PBXBuildFile; fileRef = 9B69EC431BC05B9E000EF102 /* ViewController.swift */; };
		9B69EC471BC05B9E000EF102 /* Main.storyboard in Resources */ = {isa = PBXBuildFile; fileRef = 9B69EC451BC05B9E000EF102 /* Main.storyboard */; };
		9B69EC491BC05B9E000EF102 /* Assets.xcassets in Resources */ = {isa = PBXBuildFile; fileRef = 9B69EC481BC05B9E000EF102 /* Assets.xcassets */; };
		9B69EC4C1BC05B9E000EF102 /* LaunchScreen.storyboard in Resources */ = {isa = PBXBuildFile; fileRef = 9B69EC4A1BC05B9E000EF102 /* LaunchScreen.storyboard */; };
		9B69EC571BC05B9F000EF102 /* JoltTests.swift in Sources */ = {isa = PBXBuildFile; fileRef = 9B69EC561BC05B9F000EF102 /* JoltTests.swift */; };
		9B69EC621BC05B9F000EF102 /* JoltUITests.swift in Sources */ = {isa = PBXBuildFile; fileRef = 9B69EC611BC05B9F000EF102 /* JoltUITests.swift */; };
		9B69EC701BC05D5D000EF102 /* MicrosoftBandKit_iOS.framework in Frameworks */ = {isa = PBXBuildFile; fileRef = 9B69EC6F1BC05D5D000EF102 /* MicrosoftBandKit_iOS.framework */; settings = {ASSET_TAGS = (); }; };
		9B69EC721BC05D79000EF102 /* CoreBluetooth.framework in Frameworks */ = {isa = PBXBuildFile; fileRef = 9B69EC711BC05D79000EF102 /* CoreBluetooth.framework */; };
		9B69EC761BC064B5000EF102 /* BandKitInterface.m in Sources */ = {isa = PBXBuildFile; fileRef = 9B69EC751BC064B5000EF102 /* BandKitInterface.m */; settings = {ASSET_TAGS = (); }; };
		9B89AD3F1BC075EF004F65F3 /* jolt-46.png in Resources */ = {isa = PBXBuildFile; fileRef = 9B89AD3E1BC075EF004F65F3 /* jolt-46.png */; settings = {ASSET_TAGS = (); }; };
		9B89AD411BC075F6004F65F3 /* Jot-2.svg in Resources */ = {isa = PBXBuildFile; fileRef = 9B89AD401BC075F6004F65F3 /* Jot-2.svg */; settings = {ASSET_TAGS = (); }; };
		9B89AD431BC07649004F65F3 /* Jolt-24.png in Resources */ = {isa = PBXBuildFile; fileRef = 9B89AD421BC07649004F65F3 /* Jolt-24.png */; settings = {ASSET_TAGS = (); }; };
/* End PBXBuildFile section */

/* Begin PBXContainerItemProxy section */
		9B69EC531BC05B9F000EF102 /* PBXContainerItemProxy */ = {
			isa = PBXContainerItemProxy;
			containerPortal = 9B69EC361BC05B9E000EF102 /* Project object */;
			proxyType = 1;
			remoteGlobalIDString = 9B69EC3D1BC05B9E000EF102;
			remoteInfo = Jolt;
		};
		9B69EC5E1BC05B9F000EF102 /* PBXContainerItemProxy */ = {
			isa = PBXContainerItemProxy;
			containerPortal = 9B69EC361BC05B9E000EF102 /* Project object */;
			proxyType = 1;
			remoteGlobalIDString = 9B69EC3D1BC05B9E000EF102;
			remoteInfo = Jolt;
		};
/* End PBXContainerItemProxy section */

/* Begin PBXFileReference section */
		9B69EC3E1BC05B9E000EF102 /* Jolt.app */ = {isa = PBXFileReference; explicitFileType = wrapper.application; includeInIndex = 0; path = Jolt.app; sourceTree = BUILT_PRODUCTS_DIR; };
		9B69EC411BC05B9E000EF102 /* AppDelegate.swift */ = {isa = PBXFileReference; lastKnownFileType = sourcecode.swift; path = AppDelegate.swift; sourceTree = "<group>"; };
		9B69EC431BC05B9E000EF102 /* ViewController.swift */ = {isa = PBXFileReference; lastKnownFileType = sourcecode.swift; path = ViewController.swift; sourceTree = "<group>"; };
		9B69EC461BC05B9E000EF102 /* Base */ = {isa = PBXFileReference; lastKnownFileType = file.storyboard; name = Base; path = Base.lproj/Main.storyboard; sourceTree = "<group>"; };
		9B69EC481BC05B9E000EF102 /* Assets.xcassets */ = {isa = PBXFileReference; lastKnownFileType = folder.assetcatalog; path = Assets.xcassets; sourceTree = "<group>"; };
		9B69EC4B1BC05B9E000EF102 /* Base */ = {isa = PBXFileReference; lastKnownFileType = file.storyboard; name = Base; path = Base.lproj/LaunchScreen.storyboard; sourceTree = "<group>"; };
		9B69EC4D1BC05B9E000EF102 /* Info.plist */ = {isa = PBXFileReference; lastKnownFileType = text.plist.xml; path = Info.plist; sourceTree = "<group>"; };
		9B69EC521BC05B9F000EF102 /* JoltTests.xctest */ = {isa = PBXFileReference; explicitFileType = wrapper.cfbundle; includeInIndex = 0; path = JoltTests.xctest; sourceTree = BUILT_PRODUCTS_DIR; };
		9B69EC561BC05B9F000EF102 /* JoltTests.swift */ = {isa = PBXFileReference; lastKnownFileType = sourcecode.swift; path = JoltTests.swift; sourceTree = "<group>"; };
		9B69EC581BC05B9F000EF102 /* Info.plist */ = {isa = PBXFileReference; lastKnownFileType = text.plist.xml; path = Info.plist; sourceTree = "<group>"; };
		9B69EC5D1BC05B9F000EF102 /* JoltUITests.xctest */ = {isa = PBXFileReference; explicitFileType = wrapper.cfbundle; includeInIndex = 0; path = JoltUITests.xctest; sourceTree = BUILT_PRODUCTS_DIR; };
		9B69EC611BC05B9F000EF102 /* JoltUITests.swift */ = {isa = PBXFileReference; lastKnownFileType = sourcecode.swift; path = JoltUITests.swift; sourceTree = "<group>"; };
		9B69EC631BC05B9F000EF102 /* Info.plist */ = {isa = PBXFileReference; lastKnownFileType = text.plist.xml; path = Info.plist; sourceTree = "<group>"; };
		9B69EC6F1BC05D5D000EF102 /* MicrosoftBandKit_iOS.framework */ = {isa = PBXFileReference; lastKnownFileType = wrapper.framework; name = MicrosoftBandKit_iOS.framework; path = Jolt/MicrosoftBandKit_iOS.framework; sourceTree = "<group>"; };
		9B69EC711BC05D79000EF102 /* CoreBluetooth.framework */ = {isa = PBXFileReference; lastKnownFileType = wrapper.framework; name = CoreBluetooth.framework; path = System/Library/Frameworks/CoreBluetooth.framework; sourceTree = SDKROOT; };
		9B69EC731BC064B5000EF102 /* Jolt-Bridging-Header.h */ = {isa = PBXFileReference; lastKnownFileType = sourcecode.c.h; path = "Jolt-Bridging-Header.h"; sourceTree = "<group>"; };
		9B69EC741BC064B5000EF102 /* BandKitInterface.h */ = {isa = PBXFileReference; fileEncoding = 4; lastKnownFileType = sourcecode.c.h; path = BandKitInterface.h; sourceTree = "<group>"; };
		9B69EC751BC064B5000EF102 /* BandKitInterface.m */ = {isa = PBXFileReference; fileEncoding = 4; lastKnownFileType = sourcecode.c.objc; path = BandKitInterface.m; sourceTree = "<group>"; };
		9B89AD3E1BC075EF004F65F3 /* jolt-46.png */ = {isa = PBXFileReference; lastKnownFileType = image.png; path = "jolt-46.png"; sourceTree = "<group>"; };
		9B89AD401BC075F6004F65F3 /* Jot-2.svg */ = {isa = PBXFileReference; fileEncoding = 4; lastKnownFileType = text.xml; path = "Jot-2.svg"; sourceTree = "<group>"; };
		9B89AD421BC07649004F65F3 /* Jolt-24.png */ = {isa = PBXFileReference; lastKnownFileType = image.png; path = "Jolt-24.png"; sourceTree = "<group>"; };
/* End PBXFileReference section */

/* Begin PBXFrameworksBuildPhase section */
		9B69EC3B1BC05B9E000EF102 /* Frameworks */ = {
			isa = PBXFrameworksBuildPhase;
			buildActionMask = 2147483647;
			files = (
				9B69EC721BC05D79000EF102 /* CoreBluetooth.framework in Frameworks */,
				9B69EC701BC05D5D000EF102 /* MicrosoftBandKit_iOS.framework in Frameworks */,
			);
			runOnlyForDeploymentPostprocessing = 0;
		};
		9B69EC4F1BC05B9F000EF102 /* Frameworks */ = {
			isa = PBXFrameworksBuildPhase;
			buildActionMask = 2147483647;
			files = (
			);
			runOnlyForDeploymentPostprocessing = 0;
		};
		9B69EC5A1BC05B9F000EF102 /* Frameworks */ = {
			isa = PBXFrameworksBuildPhase;
			buildActionMask = 2147483647;
			files = (
			);
			runOnlyForDeploymentPostprocessing = 0;
		};
/* End PBXFrameworksBuildPhase section */

/* Begin PBXGroup section */
		9B69EC351BC05B9E000EF102 = {
			isa = PBXGroup;
			children = (
				9B69EC741BC064B5000EF102 /* BandKitInterface.h */,
				9B69EC751BC064B5000EF102 /* BandKitInterface.m */,
				9B69EC6F1BC05D5D000EF102 /* MicrosoftBandKit_iOS.framework */,
				9B69EC711BC05D79000EF102 /* CoreBluetooth.framework */,
				9B69EC401BC05B9E000EF102 /* Jolt */,
				9B69EC551BC05B9F000EF102 /* JoltTests */,
				9B69EC601BC05B9F000EF102 /* JoltUITests */,
				9B69EC3F1BC05B9E000EF102 /* Products */,
				9B69EC731BC064B5000EF102 /* Jolt-Bridging-Header.h */,
			);
			sourceTree = "<group>";
		};
		9B69EC3F1BC05B9E000EF102 /* Products */ = {
			isa = PBXGroup;
			children = (
				9B69EC3E1BC05B9E000EF102 /* Jolt.app */,
				9B69EC521BC05B9F000EF102 /* JoltTests.xctest */,
				9B69EC5D1BC05B9F000EF102 /* JoltUITests.xctest */,
			);
			name = Products;
			sourceTree = "<group>";
		};
		9B69EC401BC05B9E000EF102 /* Jolt */ = {
			isa = PBXGroup;
			children = (
				9B69EC411BC05B9E000EF102 /* AppDelegate.swift */,
				9B69EC431BC05B9E000EF102 /* ViewController.swift */,
				9B69EC451BC05B9E000EF102 /* Main.storyboard */,
				9B69EC481BC05B9E000EF102 /* Assets.xcassets */,
				9B69EC4A1BC05B9E000EF102 /* LaunchScreen.storyboard */,
				9B69EC4D1BC05B9E000EF102 /* Info.plist */,
				9B89AD3E1BC075EF004F65F3 /* jolt-46.png */,
				9B89AD401BC075F6004F65F3 /* Jot-2.svg */,
				9B89AD421BC07649004F65F3 /* Jolt-24.png */,
			);
			path = Jolt;
			sourceTree = "<group>";
		};
		9B69EC551BC05B9F000EF102 /* JoltTests */ = {
			isa = PBXGroup;
			children = (
				9B69EC561BC05B9F000EF102 /* JoltTests.swift */,
				9B69EC581BC05B9F000EF102 /* Info.plist */,
			);
			path = JoltTests;
			sourceTree = "<group>";
		};
		9B69EC601BC05B9F000EF102 /* JoltUITests */ = {
			isa = PBXGroup;
			children = (
				9B69EC611BC05B9F000EF102 /* JoltUITests.swift */,
				9B69EC631BC05B9F000EF102 /* Info.plist */,
			);
			path = JoltUITests;
			sourceTree = "<group>";
		};
/* End PBXGroup section */

/* Begin PBXNativeTarget section */
		9B69EC3D1BC05B9E000EF102 /* Jolt */ = {
			isa = PBXNativeTarget;
			buildConfigurationList = 9B69EC661BC05B9F000EF102 /* Build configuration list for PBXNativeTarget "Jolt" */;
			buildPhases = (
				9B69EC3A1BC05B9E000EF102 /* Sources */,
				9B69EC3B1BC05B9E000EF102 /* Frameworks */,
				9B69EC3C1BC05B9E000EF102 /* Resources */,
			);
			buildRules = (
			);
			dependencies = (
			);
			name = Jolt;
			productName = Jolt;
			productReference = 9B69EC3E1BC05B9E000EF102 /* Jolt.app */;
			productType = "com.apple.product-type.application";
		};
		9B69EC511BC05B9F000EF102 /* JoltTests */ = {
			isa = PBXNativeTarget;
			buildConfigurationList = 9B69EC691BC05B9F000EF102 /* Build configuration list for PBXNativeTarget "JoltTests" */;
			buildPhases = (
				9B69EC4E1BC05B9F000EF102 /* Sources */,
				9B69EC4F1BC05B9F000EF102 /* Frameworks */,
				9B69EC501BC05B9F000EF102 /* Resources */,
			);
			buildRules = (
			);
			dependencies = (
				9B69EC541BC05B9F000EF102 /* PBXTargetDependency */,
			);
			name = JoltTests;
			productName = JoltTests;
			productReference = 9B69EC521BC05B9F000EF102 /* JoltTests.xctest */;
			productType = "com.apple.product-type.bundle.unit-test";
		};
		9B69EC5C1BC05B9F000EF102 /* JoltUITests */ = {
			isa = PBXNativeTarget;
			buildConfigurationList = 9B69EC6C1BC05B9F000EF102 /* Build configuration list for PBXNativeTarget "JoltUITests" */;
			buildPhases = (
				9B69EC591BC05B9F000EF102 /* Sources */,
				9B69EC5A1BC05B9F000EF102 /* Frameworks */,
				9B69EC5B1BC05B9F000EF102 /* Resources */,
			);
			buildRules = (
			);
			dependencies = (
				9B69EC5F1BC05B9F000EF102 /* PBXTargetDependency */,
			);
			name = JoltUITests;
			productName = JoltUITests;
			productReference = 9B69EC5D1BC05B9F000EF102 /* JoltUITests.xctest */;
			productType = "com.apple.product-type.bundle.ui-testing";
		};
/* End PBXNativeTarget section */

/* Begin PBXProject section */
		9B69EC361BC05B9E000EF102 /* Project object */ = {
			isa = PBXProject;
			attributes = {
				LastSwiftUpdateCheck = 0700;
				LastUpgradeCheck = 0700;
				ORGANIZATIONNAME = CAL;
				TargetAttributes = {
					9B69EC3D1BC05B9E000EF102 = {
						CreatedOnToolsVersion = 7.0.1;
						DevelopmentTeam = DH36U6763S;
					};
					9B69EC511BC05B9F000EF102 = {
						CreatedOnToolsVersion = 7.0.1;
						TestTargetID = 9B69EC3D1BC05B9E000EF102;
					};
					9B69EC5C1BC05B9F000EF102 = {
						CreatedOnToolsVersion = 7.0.1;
						TestTargetID = 9B69EC3D1BC05B9E000EF102;
					};
				};
			};
			buildConfigurationList = 9B69EC391BC05B9E000EF102 /* Build configuration list for PBXProject "Jolt" */;
			compatibilityVersion = "Xcode 3.2";
			developmentRegion = English;
			hasScannedForEncodings = 0;
			knownRegions = (
				en,
				Base,
			);
			mainGroup = 9B69EC351BC05B9E000EF102;
			productRefGroup = 9B69EC3F1BC05B9E000EF102 /* Products */;
			projectDirPath = "";
			projectRoot = "";
			targets = (
				9B69EC3D1BC05B9E000EF102 /* Jolt */,
				9B69EC511BC05B9F000EF102 /* JoltTests */,
				9B69EC5C1BC05B9F000EF102 /* JoltUITests */,
			);
		};
/* End PBXProject section */

/* Begin PBXResourcesBuildPhase section */
		9B69EC3C1BC05B9E000EF102 /* Resources */ = {
			isa = PBXResourcesBuildPhase;
			buildActionMask = 2147483647;
			files = (
				9B69EC4C1BC05B9E000EF102 /* LaunchScreen.storyboard in Resources */,
				9B89AD411BC075F6004F65F3 /* Jot-2.svg in Resources */,
				9B69EC491BC05B9E000EF102 /* Assets.xcassets in Resources */,
				9B89AD3F1BC075EF004F65F3 /* jolt-46.png in Resources */,
				9B89AD431BC07649004F65F3 /* Jolt-24.png in Resources */,
				9B69EC471BC05B9E000EF102 /* Main.storyboard in Resources */,
			);
			runOnlyForDeploymentPostprocessing = 0;
		};
		9B69EC501BC05B9F000EF102 /* Resources */ = {
			isa = PBXResourcesBuildPhase;
			buildActionMask = 2147483647;
			files = (
			);
			runOnlyForDeploymentPostprocessing = 0;
		};
		9B69EC5B1BC05B9F000EF102 /* Resources */ = {
			isa = PBXResourcesBuildPhase;
			buildActionMask = 2147483647;
			files = (
			);
			runOnlyForDeploymentPostprocessing = 0;
		};
/* End PBXResourcesBuildPhase section */

/* Begin PBXSourcesBuildPhase section */
		9B69EC3A1BC05B9E000EF102 /* Sources */ = {
			isa = PBXSourcesBuildPhase;
			buildActionMask = 2147483647;
			files = (
				9B69EC441BC05B9E000EF102 /* ViewController.swift in Sources */,
				9B69EC421BC05B9E000EF102 /* AppDelegate.swift in Sources */,
				9B69EC761BC064B5000EF102 /* BandKitInterface.m in Sources */,
			);
			runOnlyForDeploymentPostprocessing = 0;
		};
		9B69EC4E1BC05B9F000EF102 /* Sources */ = {
			isa = PBXSourcesBuildPhase;
			buildActionMask = 2147483647;
			files = (
				9B69EC571BC05B9F000EF102 /* JoltTests.swift in Sources */,
			);
			runOnlyForDeploymentPostprocessing = 0;
		};
		9B69EC591BC05B9F000EF102 /* Sources */ = {
			isa = PBXSourcesBuildPhase;
			buildActionMask = 2147483647;
			files = (
				9B69EC621BC05B9F000EF102 /* JoltUITests.swift in Sources */,
			);
			runOnlyForDeploymentPostprocessing = 0;
		};
/* End PBXSourcesBuildPhase section */

/* Begin PBXTargetDependency section */
		9B69EC541BC05B9F000EF102 /* PBXTargetDependency */ = {
			isa = PBXTargetDependency;
			target = 9B69EC3D1BC05B9E000EF102 /* Jolt */;
			targetProxy = 9B69EC531BC05B9F000EF102 /* PBXContainerItemProxy */;
		};
		9B69EC5F1BC05B9F000EF102 /* PBXTargetDependency */ = {
			isa = PBXTargetDependency;
			target = 9B69EC3D1BC05B9E000EF102 /* Jolt */;
			targetProxy = 9B69EC5E1BC05B9F000EF102 /* PBXContainerItemProxy */;
		};
/* End PBXTargetDependency section */

/* Begin PBXVariantGroup section */
		9B69EC451BC05B9E000EF102 /* Main.storyboard */ = {
			isa = PBXVariantGroup;
			children = (
				9B69EC461BC05B9E000EF102 /* Base */,
			);
			name = Main.storyboard;
			sourceTree = "<group>";
		};
		9B69EC4A1BC05B9E000EF102 /* LaunchScreen.storyboard */ = {
			isa = PBXVariantGroup;
			children = (
				9B69EC4B1BC05B9E000EF102 /* Base */,
			);
			name = LaunchScreen.storyboard;
			sourceTree = "<group>";
		};
/* End PBXVariantGroup section */

/* Begin XCBuildConfiguration section */
		9B69EC641BC05B9F000EF102 /* Debug */ = {
			isa = XCBuildConfiguration;
			buildSettings = {
				ALWAYS_SEARCH_USER_PATHS = NO;
				CLANG_CXX_LANGUAGE_STANDARD = "gnu++0x";
				CLANG_CXX_LIBRARY = "libc++";
				CLANG_ENABLE_MODULES = YES;
				CLANG_ENABLE_OBJC_ARC = YES;
				CLANG_WARN_BOOL_CONVERSION = YES;
				CLANG_WARN_CONSTANT_CONVERSION = YES;
				CLANG_WARN_DIRECT_OBJC_ISA_USAGE = YES_ERROR;
				CLANG_WARN_EMPTY_BODY = YES;
				CLANG_WARN_ENUM_CONVERSION = YES;
				CLANG_WARN_INT_CONVERSION = YES;
				CLANG_WARN_OBJC_ROOT_CLASS = YES_ERROR;
				CLANG_WARN_UNREACHABLE_CODE = YES;
				CLANG_WARN__DUPLICATE_METHOD_MATCH = YES;
				"CODE_SIGN_IDENTITY[sdk=iphoneos*]" = "iPhone Developer";
				COPY_PHASE_STRIP = NO;
				DEBUG_INFORMATION_FORMAT = dwarf;
				ENABLE_STRICT_OBJC_MSGSEND = YES;
				ENABLE_TESTABILITY = YES;
				GCC_C_LANGUAGE_STANDARD = gnu99;
				GCC_DYNAMIC_NO_PIC = NO;
				GCC_NO_COMMON_BLOCKS = YES;
				GCC_OPTIMIZATION_LEVEL = 0;
				GCC_PREPROCESSOR_DEFINITIONS = (
					"DEBUG=1",
					"$(inherited)",
				);
				GCC_WARN_64_TO_32_BIT_CONVERSION = YES;
				GCC_WARN_ABOUT_RETURN_TYPE = YES_ERROR;
				GCC_WARN_UNDECLARED_SELECTOR = YES;
				GCC_WARN_UNINITIALIZED_AUTOS = YES_AGGRESSIVE;
				GCC_WARN_UNUSED_FUNCTION = YES;
				GCC_WARN_UNUSED_VARIABLE = YES;
				IPHONEOS_DEPLOYMENT_TARGET = 9.0;
				MTL_ENABLE_DEBUG_INFO = YES;
				ONLY_ACTIVE_ARCH = YES;
				SDKROOT = iphoneos;
				SWIFT_OPTIMIZATION_LEVEL = "-Onone";
				TARGETED_DEVICE_FAMILY = "1,2";
			};
			name = Debug;
		};
		9B69EC651BC05B9F000EF102 /* Release */ = {
			isa = XCBuildConfiguration;
			buildSettings = {
				ALWAYS_SEARCH_USER_PATHS = NO;
				CLANG_CXX_LANGUAGE_STANDARD = "gnu++0x";
				CLANG_CXX_LIBRARY = "libc++";
				CLANG_ENABLE_MODULES = YES;
				CLANG_ENABLE_OBJC_ARC = YES;
				CLANG_WARN_BOOL_CONVERSION = YES;
				CLANG_WARN_CONSTANT_CONVERSION = YES;
				CLANG_WARN_DIRECT_OBJC_ISA_USAGE = YES_ERROR;
				CLANG_WARN_EMPTY_BODY = YES;
				CLANG_WARN_ENUM_CONVERSION = YES;
				CLANG_WARN_INT_CONVERSION = YES;
				CLANG_WARN_OBJC_ROOT_CLASS = YES_ERROR;
				CLANG_WARN_UNREACHABLE_CODE = YES;
				CLANG_WARN__DUPLICATE_METHOD_MATCH = YES;
				"CODE_SIGN_IDENTITY[sdk=iphoneos*]" = "iPhone Developer";
				COPY_PHASE_STRIP = NO;
				DEBUG_INFORMATION_FORMAT = "dwarf-with-dsym";
				ENABLE_NS_ASSERTIONS = NO;
				ENABLE_STRICT_OBJC_MSGSEND = YES;
				GCC_C_LANGUAGE_STANDARD = gnu99;
				GCC_NO_COMMON_BLOCKS = YES;
				GCC_WARN_64_TO_32_BIT_CONVERSION = YES;
				GCC_WARN_ABOUT_RETURN_TYPE = YES_ERROR;
				GCC_WARN_UNDECLARED_SELECTOR = YES;
				GCC_WARN_UNINITIALIZED_AUTOS = YES_AGGRESSIVE;
				GCC_WARN_UNUSED_FUNCTION = YES;
				GCC_WARN_UNUSED_VARIABLE = YES;
				IPHONEOS_DEPLOYMENT_TARGET = 9.0;
				MTL_ENABLE_DEBUG_INFO = NO;
				SDKROOT = iphoneos;
				TARGETED_DEVICE_FAMILY = "1,2";
				VALIDATE_PRODUCT = YES;
			};
			name = Release;
		};
		9B69EC671BC05B9F000EF102 /* Debug */ = {
			isa = XCBuildConfiguration;
			buildSettings = {
				ASSETCATALOG_COMPILER_APPICON_NAME = AppIcon;
				CLANG_ENABLE_MODULES = YES;
				CODE_SIGN_IDENTITY = "iPhone Developer";
				"CODE_SIGN_IDENTITY[sdk=iphoneos*]" = "iPhone Developer";
				ENABLE_BITCODE = NO;
				FRAMEWORK_SEARCH_PATHS = (
					"$(inherited)",
					"$(PROJECT_DIR)/Jolt",
				);
				INFOPLIST_FILE = Jolt/Info.plist;
				LD_RUNPATH_SEARCH_PATHS = "$(inherited) @executable_path/Frameworks";
				PRODUCT_BUNDLE_IDENTIFIER = CAL.Jolt;
				PRODUCT_NAME = "$(TARGET_NAME)";
				PROVISIONING_PROFILE = "";
				SWIFT_OBJC_BRIDGING_HEADER = "Jolt-Bridging-Header.h";
				SWIFT_OPTIMIZATION_LEVEL = "-Onone";
			};
			name = Debug;
		};
		9B69EC681BC05B9F000EF102 /* Release */ = {
			isa = XCBuildConfiguration;
			buildSettings = {
				ASSETCATALOG_COMPILER_APPICON_NAME = AppIcon;
				CLANG_ENABLE_MODULES = YES;
				CODE_SIGN_IDENTITY = "iPhone Developer";
				"CODE_SIGN_IDENTITY[sdk=iphoneos*]" = "iPhone Developer";
				ENABLE_BITCODE = NO;
				FRAMEWORK_SEARCH_PATHS = (
					"$(inherited)",
					"$(PROJECT_DIR)/Jolt",
				);
				INFOPLIST_FILE = Jolt/Info.plist;
				LD_RUNPATH_SEARCH_PATHS = "$(inherited) @executable_path/Frameworks";
				PRODUCT_BUNDLE_IDENTIFIER = CAL.Jolt;
				PRODUCT_NAME = "$(TARGET_NAME)";
				PROVISIONING_PROFILE = "";
				SWIFT_OBJC_BRIDGING_HEADER = "Jolt-Bridging-Header.h";
			};
			name = Release;
		};
		9B69EC6A1BC05B9F000EF102 /* Debug */ = {
			isa = XCBuildConfiguration;
			buildSettings = {
				BUNDLE_LOADER = "$(TEST_HOST)";
				INFOPLIST_FILE = JoltTests/Info.plist;
				LD_RUNPATH_SEARCH_PATHS = "$(inherited) @executable_path/Frameworks @loader_path/Frameworks";
				PRODUCT_BUNDLE_IDENTIFIER = CAL.JoltTests;
				PRODUCT_NAME = "$(TARGET_NAME)";
				TEST_HOST = "$(BUILT_PRODUCTS_DIR)/Jolt.app/Jolt";
			};
			name = Debug;
		};
		9B69EC6B1BC05B9F000EF102 /* Release */ = {
			isa = XCBuildConfiguration;
			buildSettings = {
				BUNDLE_LOADER = "$(TEST_HOST)";
				INFOPLIST_FILE = JoltTests/Info.plist;
				LD_RUNPATH_SEARCH_PATHS = "$(inherited) @executable_path/Frameworks @loader_path/Frameworks";
				PRODUCT_BUNDLE_IDENTIFIER = CAL.JoltTests;
				PRODUCT_NAME = "$(TARGET_NAME)";
				TEST_HOST = "$(BUILT_PRODUCTS_DIR)/Jolt.app/Jolt";
			};
			name = Release;
		};
		9B69EC6D1BC05B9F000EF102 /* Debug */ = {
			isa = XCBuildConfiguration;
			buildSettings = {
				INFOPLIST_FILE = JoltUITests/Info.plist;
				LD_RUNPATH_SEARCH_PATHS = "$(inherited) @executable_path/Frameworks @loader_path/Frameworks";
				PRODUCT_BUNDLE_IDENTIFIER = CAL.JoltUITests;
				PRODUCT_NAME = "$(TARGET_NAME)";
				TEST_TARGET_NAME = Jolt;
				USES_XCTRUNNER = YES;
			};
			name = Debug;
		};
		9B69EC6E1BC05B9F000EF102 /* Release */ = {
			isa = XCBuildConfiguration;
			buildSettings = {
				INFOPLIST_FILE = JoltUITests/Info.plist;
				LD_RUNPATH_SEARCH_PATHS = "$(inherited) @executable_path/Frameworks @loader_path/Frameworks";
				PRODUCT_BUNDLE_IDENTIFIER = CAL.JoltUITests;
				PRODUCT_NAME = "$(TARGET_NAME)";
				TEST_TARGET_NAME = Jolt;
				USES_XCTRUNNER = YES;
			};
			name = Release;
		};
/* End XCBuildConfiguration section */

/* Begin XCConfigurationList section */
		9B69EC391BC05B9E000EF102 /* Build configuration list for PBXProject "Jolt" */ = {
			isa = XCConfigurationList;
			buildConfigurations = (
				9B69EC641BC05B9F000EF102 /* Debug */,
				9B69EC651BC05B9F000EF102 /* Release */,
			);
			defaultConfigurationIsVisible = 0;
			defaultConfigurationName = Release;
		};
		9B69EC661BC05B9F000EF102 /* Build configuration list for PBXNativeTarget "Jolt" */ = {
			isa = XCConfigurationList;
			buildConfigurations = (
				9B69EC671BC05B9F000EF102 /* Debug */,
				9B69EC681BC05B9F000EF102 /* Release */,
			);
			defaultConfigurationIsVisible = 0;
			defaultConfigurationName = Release;
		};
		9B69EC691BC05B9F000EF102 /* Build configuration list for PBXNativeTarget "JoltTests" */ = {
			isa = XCConfigurationList;
			buildConfigurations = (
				9B69EC6A1BC05B9F000EF102 /* Debug */,
				9B69EC6B1BC05B9F000EF102 /* Release */,
			);
			defaultConfigurationIsVisible = 0;
			defaultConfigurationName = Release;
		};
		9B69EC6C1BC05B9F000EF102 /* Build configuration list for PBXNativeTarget "JoltUITests" */ = {
			isa = XCConfigurationList;
			buildConfigurations = (
				9B69EC6D1BC05B9F000EF102 /* Debug */,
				9B69EC6E1BC05B9F000EF102 /* Release */,
			);
			defaultConfigurationIsVisible = 0;
			defaultConfigurationName = Release;
		};
/* End XCConfigurationList section */
	};
	rootObject = 9B69EC361BC05B9E000EF102 /* Project object */;
}
